{
  "requires": true,
  "lockfileVersion": 1,
  "dependencies": {
    "numpy": {
      "version": "0.0.1",
      "resolved": "https://registry.npmjs.org/numpy/-/numpy-0.0.1.tgz",
      "integrity": "sha1-xrvUxJtFvVN/dooJySIKKQ3kFZg="
    },
    "statistics": {
      "version": "3.3.0",
      "resolved": "https://registry.npmjs.org/statistics/-/statistics-3.3.0.tgz",
      "integrity": "sha1-7HtHUP8DqySmTdmzV6eDFr6teKo="
    }
  }
}
